
Microsoft Visual Studio Solution File, Format Version 12.00
# Visual Studio Version 16
VisualStudioVersion = 16.0.31613.86
MinimumVisualStudioVersion = 10.0.40219.1
Project("{FAE04EC0-301F-11D3-BF4B-00C04F79EFBC}") = "pract4_mobile.Android", "pract4_mobile.Android\pract4_mobile.Android.csproj", "{86295523-0A0B-411C-B257-BFD211EE51F9}"
EndProject
Project("{FAE04EC0-301F-11D3-BF4B-00C04F79EFBC}") = "pract4_mobile.iOS", "pract4_mobile.iOS\pract4_mobile.iOS.csproj", "{6450F024-8D8C-489C-B3FA-6BF20D0D337E}"
EndProject
Project("{FAE04EC0-301F-11D3-BF4B-00C04F79EFBC}") = "pract4_mobile", "pract4_mobile\pract4_mobile.csproj", "{357AEC6A-DA3A-45BD-B35E-DBDBA094BF31}"
EndProject
Global
	GlobalSection(SolutionConfigurationPlatforms) = preSolution
		Debug|Any CPU = Debug|Any CPU
		Debug|iPhone = Debug|iPhone
		Debug|iPhoneSimulator = Debug|iPhoneSimulator
		Release|Any CPU = Release|Any CPU
		Release|iPhone = Release|iPhone
		Release|iPhoneSimulator = Release|iPhoneSimulator
	EndGlobalSection
	GlobalSection(ProjectConfigurationPlatforms) = postSolution
		{86295523-0A0B-411C-B257-BFD211EE51F9}.Debug|Any CPU.ActiveCfg = Debug|Any CPU
		{86295523-0A0B-411C-B257-BFD211EE51F9}.Debug|Any CPU.Build.0 = Debug|Any CPU
		{86295523-0A0B-411C-B257-BFD211EE51F9}.Debug|Any CPU.Deploy.0 = Debug|Any CPU
		{86295523-0A0B-411C-B257-BFD211EE51F9}.Debug|iPhone.ActiveCfg = Debug|Any CPU
		{86295523-0A0B-411C-B257-BFD211EE51F9}.Debug|iPhone.Build.0 = Debug|Any CPU
		{86295523-0A0B-411C-B257-BFD211EE51F9}.Debug|iPhone.Deploy.0 = Debug|Any CPU
		{86295523-0A0B-411C-B257-BFD211EE51F9}.Debug|iPhoneSimulator.ActiveCfg = Debug|Any CPU
		{86295523-0A0B-411C-B257-BFD211EE51F9}.Debug|iPhoneSimulator.Build.0 = Debug|Any CPU
		{86295523-0A0B-411C-B257-BFD211EE51F9}.Debug|iPhoneSimulator.Deploy.0 = Debug|Any CPU
		{86295523-0A0B-411C-B257-BFD211EE51F9}.Release|Any CPU.ActiveCfg = Release|Any CPU
		{86295523-0A0B-411C-B257-BFD211EE51F9}.Release|Any CPU.Build.0 = Release|Any CPU
		{86295523-0A0B-411C-B257-BFD211EE51F9}.Release|Any CPU.Deploy.0 = Release|Any CPU
		{86295523-0A0B-411C-B257-BFD211EE51F9}.Release|iPhone.ActiveCfg = Release|Any CPU
		{86295523-0A0B-411C-B257-BFD211EE51F9}.Release|iPhone.Build.0 = Release|Any CPU
		{86295523-0A0B-411C-B257-BFD211EE51F9}.Release|iPhone.Deploy.0 = Release|Any CPU
		{86295523-0A0B-411C-B257-BFD211EE51F9}.Release|iPhoneSimulator.ActiveCfg = Release|Any CPU
		{86295523-0A0B-411C-B257-BFD211EE51F9}.Release|iPhoneSimulator.Build.0 = Release|Any CPU
		{86295523-0A0B-411C-B257-BFD211EE51F9}.Release|iPhoneSimulator.Deploy.0 = Release|Any CPU
		{6450F024-8D8C-489C-B3FA-6BF20D0D337E}.Debug|Any CPU.ActiveCfg = Debug|iPhone
		{6450F024-8D8C-489C-B3FA-6BF20D0D337E}.Debug|Any CPU.Build.0 = Debug|iPhone
		{6450F024-8D8C-489C-B3FA-6BF20D0D337E}.Debug|Any CPU.Deploy.0 = Debug|iPhone
		{6450F024-8D8C-489C-B3FA-6BF20D0D337E}.Debug|iPhone.ActiveCfg = Debug|iPhone
		{6450F024-8D8C-489C-B3FA-6BF20D0D337E}.Debug|iPhone.Build.0 = Debug|iPhone
		{6450F024-8D8C-489C-B3FA-6BF20D0D337E}.Debug|iPhone.Deploy.0 = Debug|iPhone
		{6450F024-8D8C-489C-B3FA-6BF20D0D337E}.Debug|iPhoneSimulator.ActiveCfg = Debug|iPhoneSimulator
		{6450F024-8D8C-489C-B3FA-6BF20D0D337E}.Debug|iPhoneSimulator.Build.0 = Debug|iPhoneSimulator
		{6450F024-8D8C-489C-B3FA-6BF20D0D337E}.Debug|iPhoneSimulator.Deploy.0 = Debug|iPhoneSimulator
		{6450F024-8D8C-489C-B3FA-6BF20D0D337E}.Release|Any CPU.ActiveCfg = Release|iPhoneSimulator
		{6450F024-8D8C-489C-B3FA-6BF20D0D337E}.Release|Any CPU.Build.0 = Release|iPhoneSimulator
		{6450F024-8D8C-489C-B3FA-6BF20D0D337E}.Release|Any CPU.Deploy.0 = Release|iPhoneSimulator
		{6450F024-8D8C-489C-B3FA-6BF20D0D337E}.Release|iPhone.ActiveCfg = Release|iPhone
		{6450F024-8D8C-489C-B3FA-6BF20D0D337E}.Release|iPhone.Build.0 = Release|iPhone
		{6450F024-8D8C-489C-B3FA-6BF20D0D337E}.Release|iPhone.Deploy.0 = Release|iPhone
		{6450F024-8D8C-489C-B3FA-6BF20D0D337E}.Release|iPhoneSimulator.ActiveCfg = Release|iPhoneSimulator
		{6450F024-8D8C-489C-B3FA-6BF20D0D337E}.Release|iPhoneSimulator.Build.0 = Release|iPhoneSimulator
		{6450F024-8D8C-489C-B3FA-6BF20D0D337E}.Release|iPhoneSimulator.Deploy.0 = Release|iPhoneSimulator
		{357AEC6A-DA3A-45BD-B35E-DBDBA094BF31}.Debug|Any CPU.ActiveCfg = Debug|Any CPU
		{357AEC6A-DA3A-45BD-B35E-DBDBA094BF31}.Debug|Any CPU.Build.0 = Debug|Any CPU
		{357AEC6A-DA3A-45BD-B35E-DBDBA094BF31}.Debug|Any CPU.Deploy.0 = Debug|Any CPU
		{357AEC6A-DA3A-45BD-B35E-DBDBA094BF31}.Debug|iPhone.ActiveCfg = Debug|Any CPU
		{357AEC6A-DA3A-45BD-B35E-DBDBA094BF31}.Debug|iPhone.Build.0 = Debug|Any CPU
		{357AEC6A-DA3A-45BD-B35E-DBDBA094BF31}.Debug|iPhone.Deploy.0 = Debug|Any CPU
		{357AEC6A-DA3A-45BD-B35E-DBDBA094BF31}.Debug|iPhoneSimulator.ActiveCfg = Debug|Any CPU
		{357AEC6A-DA3A-45BD-B35E-DBDBA094BF31}.Debug|iPhoneSimulator.Build.0 = Debug|Any CPU
		{357AEC6A-DA3A-45BD-B35E-DBDBA094BF31}.Debug|iPhoneSimulator.Deploy.0 = Debug|Any CPU
		{357AEC6A-DA3A-45BD-B35E-DBDBA094BF31}.Release|Any CPU.ActiveCfg = Release|Any CPU
		{357AEC6A-DA3A-45BD-B35E-DBDBA094BF31}.Release|Any CPU.Build.0 = Release|Any CPU
		{357AEC6A-DA3A-45BD-B35E-DBDBA094BF31}.Release|Any CPU.Deploy.0 = Release|Any CPU
		{357AEC6A-DA3A-45BD-B35E-DBDBA094BF31}.Release|iPhone.ActiveCfg = Release|Any CPU
		{357AEC6A-DA3A-45BD-B35E-DBDBA094BF31}.Release|iPhone.Build.0 = Release|Any CPU
		{357AEC6A-DA3A-45BD-B35E-DBDBA094BF31}.Release|iPhone.Deploy.0 = Release|Any CPU
		{357AEC6A-DA3A-45BD-B35E-DBDBA094BF31}.Release|iPhoneSimulator.ActiveCfg = Release|Any CPU
		{357AEC6A-DA3A-45BD-B35E-DBDBA094BF31}.Release|iPhoneSimulator.Build.0 = Release|Any CPU
		{357AEC6A-DA3A-45BD-B35E-DBDBA094BF31}.Release|iPhoneSimulator.Deploy.0 = Release|Any CPU
	EndGlobalSection
	GlobalSection(SolutionProperties) = preSolution
		HideSolutionNode = FALSE
	EndGlobalSection
	GlobalSection(ExtensibilityGlobals) = postSolution
		SolutionGuid = {435D69B2-D602-4591-80CF-4503ECD31FE2}
	EndGlobalSection
EndGlobal
